
Microsoft Visual Studio Solution File, Format Version 12.00
# Visual Studio 15
VisualStudioVersion = 15.0.26124.0
MinimumVisualStudioVersion = 15.0.26124.0
Project("{2150E333-8FDC-42A3-9474-1A3956D46DE8}") = "tests", "tests", "{CD83C47F-3610-4116-902B-C050AB227DA1}"
EndProject
Project("{FAE04EC0-301F-11D3-BF4B-00C04F79EFBC}") = "IntegrationTests", "tests\IntegrationTests\IntegrationTests.csproj", "{D78E7D4A-5884-41B7-9229-8E9F98AE4BFA}"
EndProject
Project("{FAE04EC0-301F-11D3-BF4B-00C04F79EFBC}") = "UnitTests", "tests\UnitTests\UnitTests.csproj", "{289F62FE-CE70-4460-BF71-4AC8C9CA887D}"
EndProject
Global
	GlobalSection(SolutionConfigurationPlatforms) = preSolution
		Debug|Any CPU = Debug|Any CPU
		Debug|x64 = Debug|x64
		Debug|x86 = Debug|x86
		Release|Any CPU = Release|Any CPU
		Release|x64 = Release|x64
		Release|x86 = Release|x86
	EndGlobalSection
	GlobalSection(SolutionProperties) = preSolution
		HideSolutionNode = FALSE
	EndGlobalSection
	GlobalSection(ProjectConfigurationPlatforms) = postSolution
		{D78E7D4A-5884-41B7-9229-8E9F98AE4BFA}.Debug|Any CPU.ActiveCfg = Debug|Any CPU
		{D78E7D4A-5884-41B7-9229-8E9F98AE4BFA}.Debug|Any CPU.Build.0 = Debug|Any CPU
		{D78E7D4A-5884-41B7-9229-8E9F98AE4BFA}.Debug|x64.ActiveCfg = Debug|Any CPU
		{D78E7D4A-5884-41B7-9229-8E9F98AE4BFA}.Debug|x64.Build.0 = Debug|Any CPU
		{D78E7D4A-5884-41B7-9229-8E9F98AE4BFA}.Debug|x86.ActiveCfg = Debug|Any CPU
		{D78E7D4A-5884-41B7-9229-8E9F98AE4BFA}.Debug|x86.Build.0 = Debug|Any CPU
		{D78E7D4A-5884-41B7-9229-8E9F98AE4BFA}.Release|Any CPU.ActiveCfg = Release|Any CPU
		{D78E7D4A-5884-41B7-9229-8E9F98AE4BFA}.Release|Any CPU.Build.0 = Release|Any CPU
		{D78E7D4A-5884-41B7-9229-8E9F98AE4BFA}.Release|x64.ActiveCfg = Release|Any CPU
		{D78E7D4A-5884-41B7-9229-8E9F98AE4BFA}.Release|x64.Build.0 = Release|Any CPU
		{D78E7D4A-5884-41B7-9229-8E9F98AE4BFA}.Release|x86.ActiveCfg = Release|Any CPU
		{D78E7D4A-5884-41B7-9229-8E9F98AE4BFA}.Release|x86.Build.0 = Release|Any CPU
		{289F62FE-CE70-4460-BF71-4AC8C9CA887D}.Debug|Any CPU.ActiveCfg = Debug|Any CPU
		{289F62FE-CE70-4460-BF71-4AC8C9CA887D}.Debug|Any CPU.Build.0 = Debug|Any CPU
		{289F62FE-CE70-4460-BF71-4AC8C9CA887D}.Debug|x64.ActiveCfg = Debug|Any CPU
		{289F62FE-CE70-4460-BF71-4AC8C9CA887D}.Debug|x64.Build.0 = Debug|Any CPU
		{289F62FE-CE70-4460-BF71-4AC8C9CA887D}.Debug|x86.ActiveCfg = Debug|Any CPU
		{289F62FE-CE70-4460-BF71-4AC8C9CA887D}.Debug|x86.Build.0 = Debug|Any CPU
		{289F62FE-CE70-4460-BF71-4AC8C9CA887D}.Release|Any CPU.ActiveCfg = Release|Any CPU
		{289F62FE-CE70-4460-BF71-4AC8C9CA887D}.Release|Any CPU.Build.0 = Release|Any CPU
		{289F62FE-CE70-4460-BF71-4AC8C9CA887D}.Release|x64.ActiveCfg = Release|Any CPU
		{289F62FE-CE70-4460-BF71-4AC8C9CA887D}.Release|x64.Build.0 = Release|Any CPU
		{289F62FE-CE70-4460-BF71-4AC8C9CA887D}.Release|x86.ActiveCfg = Release|Any CPU
		{289F62FE-CE70-4460-BF71-4AC8C9CA887D}.Release|x86.Build.0 = Release|Any CPU
	EndGlobalSection
	GlobalSection(NestedProjects) = preSolution
		{D78E7D4A-5884-41B7-9229-8E9F98AE4BFA} = {CD83C47F-3610-4116-902B-C050AB227DA1}
		{289F62FE-CE70-4460-BF71-4AC8C9CA887D} = {CD83C47F-3610-4116-902B-C050AB227DA1}
	EndGlobalSection
EndGlobal
